
Microsoft Visual Studio Solution File, Format Version 12.00
# Visual Studio 2012
Project("{FAE04EC0-301F-11D3-BF4B-00C04F79EFBC}") = "Theseus_vs_minotaur_ui", "Theseus_vs_minotaur_ui\Theseus_vs_minotaur_ui.csproj", "{74556CA2-A7D8-4CC0-8D3A-EA95B8686367}"
	ProjectSection(ProjectDependencies) = postProject
		{FA580CAC-9700-47A4-A8B3-96287D6C9775} = {FA580CAC-9700-47A4-A8B3-96287D6C9775}
	EndProjectSection
EndProject
Project("{FAE04EC0-301F-11D3-BF4B-00C04F79EFBC}") = "Theseus_vs_Minotaur_library", "Theseus_vs_Minotaur_library\Theseus_vs_Minotaur_library.csproj", "{FA580CAC-9700-47A4-A8B3-96287D6C9775}"
EndProject
Project("{2150E333-8FDC-42A3-9474-1A3956D46DE8}") = "Solution Items", "Solution Items", "{CB3D9EA8-31E0-41BB-8FC4-FB116418F684}"
EndProject
Global
	GlobalSection(SolutionConfigurationPlatforms) = preSolution
		Debug|Any CPU = Debug|Any CPU
		Release|Any CPU = Release|Any CPU
	EndGlobalSection
	GlobalSection(ProjectConfigurationPlatforms) = postSolution
		{74556CA2-A7D8-4CC0-8D3A-EA95B8686367}.Debug|Any CPU.ActiveCfg = Debug|Any CPU
		{74556CA2-A7D8-4CC0-8D3A-EA95B8686367}.Debug|Any CPU.Build.0 = Debug|Any CPU
		{74556CA2-A7D8-4CC0-8D3A-EA95B8686367}.Release|Any CPU.ActiveCfg = Release|Any CPU
		{74556CA2-A7D8-4CC0-8D3A-EA95B8686367}.Release|Any CPU.Build.0 = Release|Any CPU
		{FA580CAC-9700-47A4-A8B3-96287D6C9775}.Debug|Any CPU.ActiveCfg = Debug|Any CPU
		{FA580CAC-9700-47A4-A8B3-96287D6C9775}.Debug|Any CPU.Build.0 = Debug|Any CPU
		{FA580CAC-9700-47A4-A8B3-96287D6C9775}.Release|Any CPU.ActiveCfg = Release|Any CPU
		{FA580CAC-9700-47A4-A8B3-96287D6C9775}.Release|Any CPU.Build.0 = Release|Any CPU
	EndGlobalSection
	GlobalSection(SolutionProperties) = preSolution
		HideSolutionNode = FALSE
	EndGlobalSection
EndGlobal
